
Microsoft Visual Studio Solution File, Format Version 12.00
# Visual Studio Version 16
VisualStudioVersion = 16.0.29409.12
MinimumVisualStudioVersion = 10.0.40219.1
Project("{2150E333-8FDC-42A3-9474-1A3956D46DE8}") = "Src", "Src", "{736A5A00-DA94-4F74-9F37-1A6BA6EE35FC}"
EndProject
Project("{2150E333-8FDC-42A3-9474-1A3956D46DE8}") = "Docs", "Docs", "{C74D3C6D-C380-4A35-A934-8F6D27D09261}"
	ProjectSection(SolutionItems) = preProject
		Docs\README.md = Docs\README.md
	EndProjectSection
EndProject
Project("{2150E333-8FDC-42A3-9474-1A3956D46DE8}") = "Tests", "Tests", "{A8A5674A-AAAB-42CE-ADCA-C12FF1781005}"
EndProject
Project("{9A19103F-16F7-4668-BE54-9A1E7A4F7556}") = "Domain", "Src\Domain\Domain.csproj", "{384ECFB2-46CC-4A1B-8D16-F91B94E4813B}"
EndProject
Project("{9A19103F-16F7-4668-BE54-9A1E7A4F7556}") = "Domain.UnitTests", "Tests\Domain.UnitTests\Domain.UnitTests.csproj", "{DF0902C2-464F-4C54-98E1-1DC4178B2ED6}"
EndProject
Project("{9A19103F-16F7-4668-BE54-9A1E7A4F7556}") = "DomainModels", "Src\DomainModels\DomainModels.csproj", "{16A84FF6-95C9-4A64-B342-8FA89D572CB9}"
EndProject
Project("{9A19103F-16F7-4668-BE54-9A1E7A4F7556}") = "DomainModels.UnitTests", "Tests\DomainModels.UnitTests\DomainModels.UnitTests.csproj", "{A63917C0-7FF3-434D-A75E-B86847D001FD}"
EndProject
Project("{9A19103F-16F7-4668-BE54-9A1E7A4F7556}") = "Application", "Src\Application\Application.csproj", "{35193BF7-6B4B-4A2D-8BCF-84AF91C64740}"
EndProject
Project("{9A19103F-16F7-4668-BE54-9A1E7A4F7556}") = "Application.IntegrationTests", "Tests\Application.IntegrationTests\Application.IntegrationTests.csproj", "{C03BA201-BF00-4553-AE7B-AAEAC3CBE5F2}"
EndProject
Project("{9A19103F-16F7-4668-BE54-9A1E7A4F7556}") = "Factories", "Tests\Factories\Factories.csproj", "{F4BE8189-B994-4399-B5DF-42FEBEE4B48F}"
EndProject
Project("{9A19103F-16F7-4668-BE54-9A1E7A4F7556}") = "Services", "Src\Services\Services.csproj", "{5BA7C024-89C7-472F-B7EC-49470B6C9F8F}"
EndProject
Project("{9A19103F-16F7-4668-BE54-9A1E7A4F7556}") = "Services.UnitTests", "Tests\Services.UnitTests\Services.UnitTests.csproj", "{CB4458A2-757F-46A3-B687-2013E4C29194}"
EndProject
Global
	GlobalSection(SolutionConfigurationPlatforms) = preSolution
		Debug|Any CPU = Debug|Any CPU
		Release|Any CPU = Release|Any CPU
	EndGlobalSection
	GlobalSection(ProjectConfigurationPlatforms) = postSolution
		{384ECFB2-46CC-4A1B-8D16-F91B94E4813B}.Debug|Any CPU.ActiveCfg = Debug|Any CPU
		{384ECFB2-46CC-4A1B-8D16-F91B94E4813B}.Debug|Any CPU.Build.0 = Debug|Any CPU
		{384ECFB2-46CC-4A1B-8D16-F91B94E4813B}.Release|Any CPU.ActiveCfg = Release|Any CPU
		{384ECFB2-46CC-4A1B-8D16-F91B94E4813B}.Release|Any CPU.Build.0 = Release|Any CPU
		{DF0902C2-464F-4C54-98E1-1DC4178B2ED6}.Debug|Any CPU.ActiveCfg = Debug|Any CPU
		{DF0902C2-464F-4C54-98E1-1DC4178B2ED6}.Debug|Any CPU.Build.0 = Debug|Any CPU
		{DF0902C2-464F-4C54-98E1-1DC4178B2ED6}.Release|Any CPU.ActiveCfg = Release|Any CPU
		{DF0902C2-464F-4C54-98E1-1DC4178B2ED6}.Release|Any CPU.Build.0 = Release|Any CPU
		{16A84FF6-95C9-4A64-B342-8FA89D572CB9}.Debug|Any CPU.ActiveCfg = Debug|Any CPU
		{16A84FF6-95C9-4A64-B342-8FA89D572CB9}.Debug|Any CPU.Build.0 = Debug|Any CPU
		{16A84FF6-95C9-4A64-B342-8FA89D572CB9}.Release|Any CPU.ActiveCfg = Release|Any CPU
		{16A84FF6-95C9-4A64-B342-8FA89D572CB9}.Release|Any CPU.Build.0 = Release|Any CPU
		{A63917C0-7FF3-434D-A75E-B86847D001FD}.Debug|Any CPU.ActiveCfg = Debug|Any CPU
		{A63917C0-7FF3-434D-A75E-B86847D001FD}.Debug|Any CPU.Build.0 = Debug|Any CPU
		{A63917C0-7FF3-434D-A75E-B86847D001FD}.Release|Any CPU.ActiveCfg = Release|Any CPU
		{A63917C0-7FF3-434D-A75E-B86847D001FD}.Release|Any CPU.Build.0 = Release|Any CPU
		{35193BF7-6B4B-4A2D-8BCF-84AF91C64740}.Debug|Any CPU.ActiveCfg = Debug|Any CPU
		{35193BF7-6B4B-4A2D-8BCF-84AF91C64740}.Debug|Any CPU.Build.0 = Debug|Any CPU
		{35193BF7-6B4B-4A2D-8BCF-84AF91C64740}.Release|Any CPU.ActiveCfg = Release|Any CPU
		{35193BF7-6B4B-4A2D-8BCF-84AF91C64740}.Release|Any CPU.Build.0 = Release|Any CPU
		{C03BA201-BF00-4553-AE7B-AAEAC3CBE5F2}.Debug|Any CPU.ActiveCfg = Debug|Any CPU
		{C03BA201-BF00-4553-AE7B-AAEAC3CBE5F2}.Debug|Any CPU.Build.0 = Debug|Any CPU
		{C03BA201-BF00-4553-AE7B-AAEAC3CBE5F2}.Release|Any CPU.ActiveCfg = Release|Any CPU
		{C03BA201-BF00-4553-AE7B-AAEAC3CBE5F2}.Release|Any CPU.Build.0 = Release|Any CPU
		{F4BE8189-B994-4399-B5DF-42FEBEE4B48F}.Debug|Any CPU.ActiveCfg = Debug|Any CPU
		{F4BE8189-B994-4399-B5DF-42FEBEE4B48F}.Debug|Any CPU.Build.0 = Debug|Any CPU
		{F4BE8189-B994-4399-B5DF-42FEBEE4B48F}.Release|Any CPU.ActiveCfg = Release|Any CPU
		{F4BE8189-B994-4399-B5DF-42FEBEE4B48F}.Release|Any CPU.Build.0 = Release|Any CPU
		{5BA7C024-89C7-472F-B7EC-49470B6C9F8F}.Debug|Any CPU.ActiveCfg = Debug|Any CPU
		{5BA7C024-89C7-472F-B7EC-49470B6C9F8F}.Debug|Any CPU.Build.0 = Debug|Any CPU
		{5BA7C024-89C7-472F-B7EC-49470B6C9F8F}.Release|Any CPU.ActiveCfg = Release|Any CPU
		{5BA7C024-89C7-472F-B7EC-49470B6C9F8F}.Release|Any CPU.Build.0 = Release|Any CPU
		{CB4458A2-757F-46A3-B687-2013E4C29194}.Debug|Any CPU.ActiveCfg = Debug|Any CPU
		{CB4458A2-757F-46A3-B687-2013E4C29194}.Debug|Any CPU.Build.0 = Debug|Any CPU
		{CB4458A2-757F-46A3-B687-2013E4C29194}.Release|Any CPU.ActiveCfg = Release|Any CPU
		{CB4458A2-757F-46A3-B687-2013E4C29194}.Release|Any CPU.Build.0 = Release|Any CPU
	EndGlobalSection
	GlobalSection(SolutionProperties) = preSolution
		HideSolutionNode = FALSE
	EndGlobalSection
	GlobalSection(NestedProjects) = preSolution
		{384ECFB2-46CC-4A1B-8D16-F91B94E4813B} = {736A5A00-DA94-4F74-9F37-1A6BA6EE35FC}
		{DF0902C2-464F-4C54-98E1-1DC4178B2ED6} = {A8A5674A-AAAB-42CE-ADCA-C12FF1781005}
		{16A84FF6-95C9-4A64-B342-8FA89D572CB9} = {736A5A00-DA94-4F74-9F37-1A6BA6EE35FC}
		{A63917C0-7FF3-434D-A75E-B86847D001FD} = {A8A5674A-AAAB-42CE-ADCA-C12FF1781005}
		{35193BF7-6B4B-4A2D-8BCF-84AF91C64740} = {736A5A00-DA94-4F74-9F37-1A6BA6EE35FC}
		{C03BA201-BF00-4553-AE7B-AAEAC3CBE5F2} = {A8A5674A-AAAB-42CE-ADCA-C12FF1781005}
		{F4BE8189-B994-4399-B5DF-42FEBEE4B48F} = {A8A5674A-AAAB-42CE-ADCA-C12FF1781005}
		{5BA7C024-89C7-472F-B7EC-49470B6C9F8F} = {736A5A00-DA94-4F74-9F37-1A6BA6EE35FC}
		{CB4458A2-757F-46A3-B687-2013E4C29194} = {A8A5674A-AAAB-42CE-ADCA-C12FF1781005}
	EndGlobalSection
	GlobalSection(ExtensibilityGlobals) = postSolution
		SolutionGuid = {3212DB53-759C-4599-8823-FFB4559CE20E}
	EndGlobalSection
EndGlobal
